// !$*UTF8*$!
{
	archiveVersion = 1;
	classes = {
	};
	objectVersion = 56;
	objects = {

/* --- PBXBuildFile section --- */
		2A0000012A2A2A2A2A2A2A01 /* Nuts2PinApp.swift in Sources */ = {isa = PBXBuildFile; fileRef = 3A0000012A2A2A2A2A2A2A01 /* Nuts2PinApp.swift */; };
		2A0000022A2A2A2A2A2A2A02 /* ContentView.swift in Sources */ = {isa = PBXBuildFile; fileRef = 3A0000022A2A2A2A2A2A2A02 /* ContentView.swift */; };
		2A0000032A2A2A2A2A2A2A03 /* Assets.xcassets in Resources */ = {isa = PBXBuildFile; fileRef = 3A0000032A2A2A2A2A2A2A03 /* Assets.xcassets */; };

/* --- PBXFileReference section --- */
		3A0000012A2A2A2A2A2A2A01 /* Nuts2PinApp.swift */ = {isa = PBXFileReference; lastKnownFileType = sourcecode.swift; path = Nuts2PinApp.swift; sourceTree = "<group>"; };
		3A0000022A2A2A2A2A2A2A02 /* ContentView.swift */ = {isa = PBXFileReference; lastKnownFileType = sourcecode.swift; path = Views/ContentView.swift; sourceTree = "<group>"; };
		3A0000032A2A2A2A2A2A2A03 /* Assets.xcassets */ = {isa = PBXFileReference; lastKnownFileType = folder.assetcatalog; path = Assets.xcassets; sourceTree = "<group>"; };
		3A0000042A2A2A2A2A2A2A04 /* nuts2pin.app */ = {isa = PBXFileReference; explicitFileType = wrapper.application; includeInIndex = 0; path = nuts2pin.app; sourceTree = BUILT_PRODUCTS_DIR; };

/* --- PBXGroup section --- */
		4A0000002A2A2A2A2A2A2A00 /* Main group */ = {
			isa = PBXGroup;
			children = (
				4A0000012A2A2A2A2A2A2A01 /* nuts2pin */,
				4A0000022A2A2A2A2A2A2A02 /* Products */,
			);
			sourceTree = "<group>";
		};
		4A0000012A2A2A2A2A2A2A01 /* nuts2pin */ = {
			isa = PBXGroup;
			children = (
				3A0000012A2A2A2A2A2A2A01 /* Nuts2PinApp.swift */,
				3A0000022A2A2A2A2A2A2A02 /* ContentView.swift */,
				3A0000032A2A2A2A2A2A2A03 /* Assets.xcassets */,
			);
			path = nuts2pin;
			sourceTree = "<group>";
		};
		4A0000022A2A2A2A2A2A2A02 /* Products */ = {
			isa = PBXGroup;
			children = (
				3A0000042A2A2A2A2A2A2A04 /* nuts2pin.app */,
			);
			name = Products;
			sourceTree = "<group>";
		};

/* --- PBXNativeTarget section --- */
		5A0000002A2A2A2A2A2A2A00 /* nuts2pin */ = {
			isa = PBXNativeTarget;
			buildConfigurationList = 5A0000012A2A2A2A2A2A2A01 /* Build configuration list for PBXNativeTarget "nuts2pin" */;
			buildPhases = (
				5A0000022A2A2A2A2A2A2A02 /* Sources */,
				5A0000032A2A2A2A2A2A2A03 /* Frameworks */,
				5A0000042A2A2A2A2A2A2A04 /* Resources */,
			);
			buildRules = (
			);
			dependencies = (
			);
			name = nuts2pin;
			productName = nuts2pin;
			productReference = 3A0000042A2A2A2A2A2A2A04 /* nuts2pin.app */;
			productType = "com.apple.product-type.application";
		};

/* --- PBXProject section --- */
		6A0000002A2A2A2A2A2A2A00 /* Project object */ = {
			isa = PBXProject;
			attributes = {
				BuildIndependentTargetsInParallel = 1;
				LastSwiftUpdateCheck = 1500;
				LastUpgradeCheck = 1500;
				TargetAttributes = {
					5A0000002A2A2A2A2A2A2A00 = {
						CreatedOnToolsVersion = 15.0;
					};
				};
			};
			buildConfigurationList = 6A0000012A2A2A2A2A2A2A01 /* Build configuration list for PBXProject "nuts2pin" */;
			compatibilityVersion = "Xcode 14.0";
			developmentRegion = en;
			hasScannedForEncodings = 0;
			knownRegions = (
				en,
				Base,
			);
			mainGroup = 4A0000002A2A2A2A2A2A2A00;
			productRefGroup = 4A0000022A2A2A2A2A2A2A02;
			projectDirPath = "";
			projectRoot = "";
			targets = (
				5A0000002A2A2A2A2A2A2A00 /* nuts2pin */,
			);
		};

/* --- PBXSourcesBuildPhase section --- */
		5A0000022A2A2A2A2A2A2A02 /* Sources */ = {
			isa = PBXSourcesBuildPhase;
			buildActionMask = 2147483647;
			files = (
				2A0000012A2A2A2A2A2A2A01 /* Nuts2PinApp.swift in Sources */,
				2A0000022A2A2A2A2A2A2A02 /* ContentView.swift in Sources */,
			);
			runOnlyForDeploymentPostprocessing = 0;
		};

/* --- PBXFrameworksBuildPhase section --- */
		5A0000032A2A2A2A2A2A2A03 /* Frameworks */ = {
			isa = PBXFrameworksBuildPhase;
			buildActionMask = 2147483647;
			files = (
			);
			runOnlyForDeploymentPostprocessing = 0;
		};

/* --- PBXResourcesBuildPhase section --- */
		5A0000042A2A2A2A2A2A2A04 /* Resources */ = {
			isa = PBXResourcesBuildPhase;
			buildActionMask = 2147483647;
			files = (
				2A0000032A2A2A2A2A2A2A03 /* Assets.xcassets in Resources */,
			);
			runOnlyForDeploymentPostprocessing = 0;
		};

/* --- XCBuildConfiguration section --- */
		7A0000002A2A2A2A2A2A2A00 /* Debug */ = {
			isa = XCBuildConfiguration;
			buildSettings = {
				ALWAYS_SEARCH_USER_PATHS = NO;
				ASSETCATALOG_COMPILER_APPICON_NAME = AppIcon;
				CLANG_ANALYZER_NONNULL = YES;
				CLANG_ENABLE_MODULES = YES;
				COPY_PHASE_STRIP = NO;
				DEBUG_INFORMATION_FORMAT = dwarf;
				ENABLE_STRICT_OBJC_MSGSEND = YES;
				ENABLE_TESTABILITY = YES;
				GCC_C_LANGUAGE_STANDARD = gnu11;
				GCC_NO_COMMON_BLOCKS = YES;
				IPHONEOS_DEPLOYMENT_TARGET = 18.0;
				MTL_ENABLE_DEBUG_INFO = INCLUDE_SOURCE;
				PRODUCT_BUNDLE_IDENTIFIER = "com.nuts2pin.app";
				PRODUCT_NAME = "$(TARGET_NAME)";
				SDKROOT = iphoneos;
				SWIFT_ACTIVE_COMPILATION_CONDITIONS = DEBUG;
				SWIFT_OPTIMIZATION_LEVEL = "-Onone";
				SWIFT_VERSION = 5.0;
				TARGETED_DEVICE_FAMILY = "1,2";
			};
			name = Debug;
		};
		7A0000012A2A2A2A2A2A2A01 /* Release */ = {
			isa = XCBuildConfiguration;
			buildSettings = {
				ALWAYS_SEARCH_USER_PATHS = NO;
				ASSETCATALOG_COMPILER_APPICON_NAME = AppIcon;
				CLANG_ANALYZER_NONNULL = YES;
				CLANG_ENABLE_MODULES = YES;
				COPY_PHASE_STRIP = YES;
				DEBUG_INFORMATION_FORMAT = "dwarf-with-dsym";
				ENABLE_NS_ASSERTIONS = NO;
				ENABLE_STRICT_OBJC_MSGSEND = YES;
				GCC_C_LANGUAGE_STANDARD = gnu11;
				GCC_NO_COMMON_BLOCKS = YES;
				IPHONEOS_DEPLOYMENT_TARGET = 18.0;
				MTL_ENABLE_DEBUG_INFO = NO;
				PRODUCT_BUNDLE_IDENTIFIER = "com.nuts2pin.app";
				PRODUCT_NAME = "$(TARGET_NAME)";
				SDKROOT = iphoneos;
				SWIFT_COMPILATION_MODE = wholemodule;
				SWIFT_OPTIMIZATION_LEVEL = "-O";
				SWIFT_VERSION = 5.0;
				TARGETED_DEVICE_FAMILY = "1,2";
				VALIDATE_PRODUCT = YES;
			};
			name = Release;
		};
		
/* --- XCConfigurationList section --- */
		5A0000012A2A2A2A2A2A2A01 /* Build configuration list for PBXNativeTarget "nuts2pin" */ = {
			isa = XCConfigurationList;
			buildConfigurations = (
				7A0000002A2A2A2A2A2A2A00 /* Debug */,
				7A0000012A2A2A2A2A2A2A01 /* Release */,
			);
			defaultConfigurationIsVisible = 0;
			defaultConfigurationName = Release;
		};
		6A0000012A2A2A2A2A2A2A01 /* Build configuration list for PBXProject "nuts2pin" */ = {
			isa = XCConfigurationList;
			buildConfigurations = (
				7A0000002A2A2A2A2A2A2A00 /* Debug */,
				7A0000012A2A2A2A2A2A2A01 /* Release */,
			);
			defaultConfigurationIsVisible = 0;
			defaultConfigurationName = Release;
		};
	};
	rootObject = 6A0000002A2A2A2A2A2A2A00 /* Project object */;
}
