// !$*UTF8*$!
{
	archiveVersion = 1;
	classes = {
	};
	objectVersion = 56;
	objects = {
		/* Begin PBXBuildFile section */
		2A0000012A2A2A2A2A2A2A01 /* Nuts2PinApp.swift in Sources */ = {isa = PBXBuildFile; fileRef = 3A0000012A2A2A2A2A2A2A01 /* Nuts2PinApp.swift */; };
		2A0000022A2A2A2A2A2A2A02 /* ContentView.swift in Sources */ = {isa = PBXBuildFile; fileRef = 3A0000022A2A2A2A2A2A2A02 /* ContentView.swift */; };
		2A0000032A2A2A2A2A2A2A03 /* CourseSelectionView.swift in Sources */ = {isa = PBXBuildFile; fileRef = 3A0000032A2A2A2A2A2A2A03 /* CourseSelectionView.swift */; };
		2A0000042A2A2A2A2A2A2A04 /* CourseView.swift in Sources */ = {isa = PBXBuildFile; fileRef = 3A0000042A2A2A2A2A2A2A04 /* CourseView.swift */; };
		2A0000052A2A2A2A2A2A2A05 /* InteractiveCourseMapView.swift in Sources */ = {isa = PBXBuildFile; fileRef = 3A0000052A2A2A2A2A2A2A05 /* InteractiveCourseMapView.swift */; };
		2A0000062A2A2A2A2A2A2A06 /* ScoreInputView.swift in Sources */ = {isa = PBXBuildFile; fileRef = 3A0000062A2A2A2A2A2A2A06 /* ScoreInputView.swift */; };
		2A0000072A2A2A2A2A2A2A07 /* ScoringView.swift in Sources */ = {isa = PBXBuildFile; fileRef = 3A0000072A2A2A2A2A2A2A07 /* ScoringView.swift */; };
		2A0000082A2A2A2A2A2A2A08 /* SplashScreenView.swift in Sources */ = {isa = PBXBuildFile; fileRef = 3A0000082A2A2A2A2A2A2A08 /* SplashScreenView.swift */; };
		2A0000092A2A2A2A2A2A2A09 /* TeeBoxSelectionView.swift in Sources */ = {isa = PBXBuildFile; fileRef = 3A0000092A2A2A2A2A2A2A09 /* TeeBoxSelectionView.swift */; };
		2A0000102A2A2A2A2A2A2A10 /* Course.swift in Sources */ = {isa = PBXBuildFile; fileRef = 3A0000102A2A2A2A2A2A2A10 /* Course.swift */; };
		2A0000112A2A2A2A2A2A2A11 /* TeeBox.swift in Sources */ = {isa = PBXBuildFile; fileRef = 3A0000112A2A2A2A2A2A2A11 /* TeeBox.swift */; };
		2A0000122A2A2A2A2A2A2A12 /* LocationManager.swift in Sources */ = {isa = PBXBuildFile; fileRef = 3A0000122A2A2A2A2A2A2A12 /* LocationManager.swift */; };
		2A0000132A2A2A2A2A2A2A13 /* SampleCourses.swift in Sources */ = {isa = PBXBuildFile; fileRef = 3A0000132A2A2A2A2A2A2A13 /* SampleCourses.swift */; };
		2A0000142A2A2A2A2A2A2A14 /* CourseViewModel.swift in Sources */ = {isa = PBXBuildFile; fileRef = 3A0000142A2A2A2A2A2A2A14 /* CourseViewModel.swift */; };
		2A0000152A2A2A2A2A2A2A15 /* Assets.xcassets in Resources */ = {isa = PBXBuildFile; fileRef = 3A0000152A2A2A2A2A2A2A15 /* Assets.xcassets */; };
		/* End PBXBuildFile section */

		/* Begin PBXFileReference section */
		3A0000012A2A2A2A2A2A2A01 /* Nuts2PinApp.swift */ = {isa = PBXFileReference; lastKnownFileType = sourcecode.swift; path = Nuts2PinApp.swift; sourceTree = "<group>"; };
		3A0000022A2A2A2A2A2A2A02 /* ContentView.swift */ = {isa = PBXFileReference; lastKnownFileType = sourcecode.swift; path = Views/ContentView.swift; sourceTree = "<group>"; };
		3A0000032A2A2A2A2A2A2A03 /* CourseSelectionView.swift */ = {isa = PBXFileReference; lastKnownFileType = sourcecode.swift; path = Views/CourseSelectionView.swift; sourceTree = "<group>"; };
		3A0000042A2A2A2A2A2A2A04 /* CourseView.swift */ = {isa = PBXFileReference; lastKnownFileType = sourcecode.swift; path = Views/CourseView.swift; sourceTree = "<group>"; };
		3A0000052A2A2A2A2A2A2A05 /* InteractiveCourseMapView.swift */ = {isa = PBXFileReference; lastKnownFileType = sourcecode.swift; path = Views/InteractiveCourseMapView.swift; sourceTree = "<group>"; };
		3A0000062A2A2A2A2A2A2A06 /* ScoreInputView.swift */ = {isa = PBXFileReference; lastKnownFileType = sourcecode.swift; path = Views/ScoreInputView.swift; sourceTree = "<group>"; };
		3A0000072A2A2A2A2A2A2A07 /* ScoringView.swift */ = {isa = PBXFileReference; lastKnownFileType = sourcecode.swift; path = Views/ScoringView.swift; sourceTree = "<group>"; };
		3A0000082A2A2A2A2A2A2A08 /* SplashScreenView.swift */ = {isa = PBXFileReference; lastKnownFileType = sourcecode.swift; path = Views/SplashScreenView.swift; sourceTree = "<group>"; };
		3A0000092A2A2A2A2A2A2A09 /* TeeBoxSelectionView.swift */ = {isa = PBXFileReference; lastKnownFileType = sourcecode.swift; path = Views/TeeBoxSelectionView.swift; sourceTree = "<group>"; };
		3A0000102A2A2A2A2A2A2A10 /* Course.swift */ = {isa = PBXFileReference; lastKnownFileType = sourcecode.swift; path = Models/Course.swift; sourceTree = "<group>"; };
		3A0000112A2A2A2A2A2A2A11 /* TeeBox.swift */ = {isa = PBXFileReference; lastKnownFileType = sourcecode.swift; path = Models/TeeBox.swift; sourceTree = "<group>"; };
		3A0000122A2A2A2A2A2A2A12 /* LocationManager.swift */ = {isa = PBXFileReference; lastKnownFileType = sourcecode.swift; path = Managers/LocationManager.swift; sourceTree = "<group>"; };
		3A0000132A2A2A2A2A2A2A13 /* SampleCourses.swift */ = {isa = PBXFileReference; lastKnownFileType = sourcecode.swift; path = Data/SampleCourses.swift; sourceTree = "<group>"; };
		3A0000142A2A2A2A2A2A2A14 /* CourseViewModel.swift */ = {isa = PBXFileReference; lastKnownFileType = sourcecode.swift; path = Assets.xcassets/CourseViewModel.swift; sourceTree = "<group>"; };
		3A0000152A2A2A2A2A2A2A15 /* Assets.xcassets */ = {isa = PBXFileReference; lastKnownFileType = folder.assetcatalog; path = Assets.xcassets; sourceTree = "<group>"; };
		3A0000162A2A2A2A2A2A2A16 /* nuts2pin.app */ = {isa = PBXFileReference; explicitFileType = wrapper.application; includeInIndex = 0; path = nuts2pin.app; sourceTree = BUILT_PRODUCTS_DIR; };
		/* End PBXFileReference section */

		/* Begin PBXFrameworksBuildPhase section */
		5A0000032A2A2A2A2A2A2A03 /* Frameworks */ = {
			isa = PBXFrameworksBuildPhase;
			buildActionMask = 2147483647;
			files = (
			);
			runOnlyForDeploymentPostprocessing = 0;
		};
		/* End PBXFrameworksBuildPhase section */

		/* Begin PBXGroup section */
		4A0000002A2A2A2A2A2A2A00 /* Main group */ = {
			isa = PBXGroup;
			children = (
				4A0000012A2A2A2A2A2A2A01 /* nuts2pin */,
				4A0000022A2A2A2A2A2A2A02 /* Products */,
			);
			sourceTree = "<group>";
		};
		4A0000012A2A2A2A2A2A2A01 /* nuts2pin */ = {
			isa = PBXGroup;
			children = (
				3A0000012A2A2A2A2A2A2A01 /* Nuts2PinApp.swift */,
				4A0000032A2A2A2A2A2A2A03 /* Views */,
				4A0000042A2A2A2A2A2A2A04 /* Models */,
				4A0000052A2A2A2A2A2A2A05 /* Managers */,
				4A0000062A2A2A2A2A2A2A06 /* Data */,
				3A0000152A2A2A2A2A2A2A15 /* Assets.xcassets */,
			);
			path = nuts2pin;
			sourceTree = "<group>";
		};
		4A0000022A2A2A2A2A2A2A02 /* Products */ = {
			isa = PBXGroup;
			children = (
				3A0000162A2A2A2A2A2A2A16 /* nuts2pin.app */,
			);
			name = Products;
			sourceTree = "<group>";
		};
		4A0000032A2A2A2A2A2A2A03 /* Views */ = {
			isa = PBXGroup;
			children = (
				3A0000022A2A2A2A2A2A2A02 /* ContentView.swift */,
				3A0000032A2A2A2A2A2A2A03 /* CourseSelectionView.swift */,
				3A0000042A2A2A2A2A2A2A04 /* CourseView.swift */,
				3A0000052A2A2A2A2A2A2A05 /* InteractiveCourseMapView.swift */,
				3A0000062A2A2A2A2A2A2A06 /* ScoreInputView.swift */,
				3A0000072A2A2A2A2A2A2A07 /* ScoringView.swift */,
				3A0000082A2A2A2A2A2A2A08 /* SplashScreenView.swift */,
				3A0000092A2A2A2A2A2A2A09 /* TeeBoxSelectionView.swift */,
			);
			path = Views;
			sourceTree = "<group>";
		};
		4A0000042A2A2A2A2A2A2A04 /* Models */ = {
			isa = PBXGroup;
			children = (
				3A0000102A2A2A2A2A2A2A10 /* Course.swift */,
				3A0000112A2A2A2A2A2A2A11 /* TeeBox.swift */,
			);
			path = Models;
			sourceTree = "<group>";
		};
		4A0000052A2A2A2A2A2A2A05 /* Managers */ = {
			isa = PBXGroup;
			children = (
				3A0000122A2A2A2A2A2A2A12 /* LocationManager.swift */,
			);
			path = Managers;
			sourceTree = "<group>";
		};
		4A0000062A2A2A2A2A2A2A06 /* Data */ = {
			isa = PBXGroup;
			children = (
				3A0000132A2A2A2A2A2A2A13 /* SampleCourses.swift */,
			);
			path = Data;
			sourceTree = "<group>";
		};
		/* End PBXGroup section */

		/* Begin PBXNativeTarget section */
		5A0000002A2A2A2A2A2A2A00 /* nuts2pin */ = {
			isa = PBXNativeTarget;
			buildConfigurationList = 5A0000012A2A2A2A2A2A2A01 /* Build configuration list for PBXNativeTarget "nuts2pin" */;
			buildPhases = (
				5A0000022A2A2A2A2A2A2A02 /* Sources */,
				5A0000032A2A2A2A2A2A2A03 /* Frameworks */,
				5A0000042A2A2A2A2A2A2A04 /* Resources */,
			);
			buildRules = (
			);
			dependencies = (
			);
			name = nuts2pin;
			productName = nuts2pin;
			productReference = 3A0000162A2A2A2A2A2A2A16 /* nuts2pin.app */;
			productType = "com.apple.product-type.application";
		};
		/* End PBXNativeTarget section */

		/* Begin PBXProject section */
		6A0000002A2A2A2A2A2A2A00 /* Project object */ = {
			isa = PBXProject;
			attributes = {
				BuildIndependentTargetsInParallel = 1;
				LastSwiftUpdateCheck = 1500;
				LastUpgradeCheck = 1500;
				TargetAttributes = {
					5A0000002A2A2A2A2A2A2A00 = {
						CreatedOnToolsVersion = 15.0;
					};
				};
			};
			buildConfigurationList = 6A0000012A2A2A2A2A2A2A01 /* Build configuration list for PBXProject "nuts2pin" */;
			compatibilityVersion = "Xcode 14.0";
			developmentRegion = en;
			hasScannedForEncodings = 0;
			knownRegions = (
				en,
				Base,
			);
			mainGroup = 4A0000002A2A2A2A2A2A2A00;
			productRefGroup = 4A0000022A2A2A2A2A2A2A02;
			projectDirPath = "";
			projectRoot = "";
			targets = (
				5A0000002A2A2A2A2A2A2A00 /* nuts2pin */,
			);
		};
		/* End PBXProject section */

		/* Begin PBXResourcesBuildPhase section */
		5A0000042A2A2A2A2A2A2A04 /* Resources */ = {
			isa = PBXResourcesBuildPhase;
			buildActionMask = 2147483647;
			files = (
				2A0000152A2A2A2A2A2A2A15 /* Assets.xcassets in Resources */,
			);
			runOnlyForDeploymentPostprocessing = 0;
		};
		/* End PBXResourcesBuildPhase section */

		/* Begin PBXSourcesBuildPhase section */
		5A0000022A2A2A2A2A2A2A02 /* Sources */ = {
			isa = PBXSourcesBuildPhase;
			buildActionMask = 2147483647;
			files = (
				2A0000012A2A2A2A2A2A2A01 /* Nuts2PinApp.swift in Sources */,
				2A0000022A2A2A2A2A2A2A02 /* ContentView.swift in Sources */,
				2A0000032A2A2A2A2A2A2A03 /* CourseSelectionView.swift in Sources */,
				2A0000042A2A2A2A2A2A2A04 /* CourseView.swift in Sources */,
				2A0000052A2A2A2A2A2A2A05 /* InteractiveCourseMapView.swift in Sources */,
				2A0000062A2A2A2A2A2A2A06 /* ScoreInputView.swift in Sources */,
				2A0000072A2A2A2A2A2A2A07 /* ScoringView.swift in Sources */,
				2A0000082A2A2A2A2A2A2A08 /* SplashScreenView.swift in Sources */,
				2A0000092A2A2A2A2A2A2A09 /* TeeBoxSelectionView.swift in Sources */,
				2A0000102A2A2A2A2A2A2A10 /* Course.swift in Sources */,
				2A0000112A2A2A2A2A2A2A11 /* TeeBox.swift in Sources */,
				2A0000122A2A2A2A2A2A2A12 /* LocationManager.swift in Sources */,
				2A0000132A2A2A2A2A2A2A13 /* SampleCourses.swift in Sources */,
				2A0000142A2A2A2A2A2A2A14 /* CourseViewModel.swift in Sources */,
			);
			runOnlyForDeploymentPostprocessing = 0;
		};
		/* End PBXSourcesBuildPhase section */

		/* Begin XCBuildConfiguration section */
		7A0000002A2A2A2A2A2A2A00 /* Debug */ = {
			isa = XCBuildConfiguration;
			buildSettings = {
				ALWAYS_SEARCH_USER_PATHS = NO;
				CLANG_ANALYZER_NONNULL = YES;
				CLANG_ANALYZER_NUMBER_OBJECT_CONVERSION = YES_AGGRESSIVE;
				CLANG_CXX_LANGUAGE_STANDARD = "gnu++20";
				CLANG_ENABLE_MODULES = YES;
				CLANG_ENABLE_OBJC_ARC = YES;
				CLANG_ENABLE_OBJC_WEAK = YES;
				CLANG_WARN_BLOCK_CAPTURE_AUTORELEASING = YES;
				CLANG_WARN_BOOL_CONVERSION = YES;
				CLANG_WARN_COMMA = YES;
				CLANG_WARN_CONSTANT_CONVERSION = YES;
				CLANG_WARN_DEPRECATED_OBJC_IMPLEMENTATIONS = YES;
				CLANG_WARN_DIRECT_OBJC_ISA_USAGE = YES_ERROR;
				CLANG_WARN_DOCUMENTATION_COMMENTS = YES;
				CLANG_WARN_EMPTY_BODY = YES;
				CLANG_WARN_ENUM_CONVERSION = YES;
				CLANG_WARN_INFINITE_RECURSION = YES;
				CLANG_WARN_INT_CONVERSION = YES;
				CLANG_WARN_NON_LITERAL_NULL_CONVERSION = YES;
				CLANG_WARN_OBJC_IMPLICIT_RETAIN_SELF = YES;
				CLANG_WARN_OBJC_LITERAL_CONVERSION = YES;
				CLANG_WARN_OBJC_ROOT_CLASS = YES_ERROR;
				CLANG_WARN_QUOTED_INCLUDE_IN_FRAMEWORK_HEADER = YES;
				CLANG_WARN_RANGE_LOOP_ANALYSIS = YES;
				CLANG_WARN_STRICT_PROTOTYPES = YES;
				CLANG_WARN_SUSPICIOUS_MOVE = YES;
				CLANG_WARN_UNGUARDED_AVAILABILITY = YES_AGGRESSIVE;
				CLANG_WARN_UNREACHABLE_CODE = YES;
				CLANG_WARN__DUPLICATE_METHOD_MATCH = YES;
				COPY_PHASE_STRIP = NO;
				DEBUG_INFORMATION_FORMAT = dwarf;
				ENABLE_STRICT_OBJC_MSGSEND = YES;
				ENABLE_TESTABILITY = YES;
				GCC_C_LANGUAGE_STANDARD = gnu11;
				GCC_DYNAMIC_NO_PIC = NO;
				GCC_NO_COMMON_BLOCKS = YES;
				GCC_OPTIMIZATION_LEVEL = 0;
				GCC_PREPROCESSOR_DEFINITIONS = (
					"DEBUG=1",
					"$(inherited)",
				);
				GCC_WARN_64_TO_32_BIT_CONVERSION = YES;
				GCC_WARN_ABOUT_RETURN_TYPE = YES_ERROR;
				GCC_WARN_UNDECLARED_SELECTOR = YES;
				GCC_WARN_UNINITIALIZED_AUTOS = YES_AGGRESSIVE;
				GCC_WARN_UNUSED_FUNCTION = YES;
				GCC_WARN_UNUSED_VARIABLE = YES;
				IPHONEOS_DEPLOYMENT_TARGET = 18.0;
				MTL_ENABLE_DEBUG_INFO = INCLUDE_SOURCE;
				MTL_FAST_MATH = YES;
				ONLY_ACTIVE_ARCH = YES;
				SDKROOT = iphoneos;
				SWIFT_ACTIVE_COMPILATION_CONDITIONS = DEBUG;
				SWIFT_OPTIMIZATION_LEVEL = "-Onone";
			};
			name = Debug;
		};
		7A0000012A2A2A2A2A2A2A01 /* Release */ = {
			isa = XCBuildConfiguration;
			buildSettings = {
				ALWAYS_SEARCH_USER_PATHS = NO;
				CLANG_ANALYZER_NONNULL = YES;
				CLANG_ANALYZER_NUMBER_OBJECT_CONVERSION = YES_AGGRESSIVE;
				CLANG_CXX_LANGUAGE_STANDARD = "gnu++20";
				CLANG_ENABLE_MODULES = YES;
				CLANG_ENABLE_OBJC_ARC = YES;
				CLANG_ENABLE_OBJC_WEAK = YES;
				CLANG_WARN_BLOCK_CAPTURE_AUTORELEASING = YES;
				CLANG_WARN_BOOL_CONVERSION = YES;
				CLANG_WARN_COMMA = YES;
				CLANG_WARN_CONSTANT_CONVERSION = YES;
				CLANG_WARN_DEPRECATED_OBJC_IMPLEMENTATIONS = YES;
				CLANG_WARN_DIRECT_OBJC_ISA_USAGE = YES_ERROR;
				CLANG_WARN_DOCUMENTATION_COMMENTS = YES;
				CLANG_WARN_EMPTY_BODY = YES;
				CLANG_WARN_ENUM_CONVERSION = YES;
				CLANG_WARN_INFINITE_RECURSION = YES;
				CLANG_WARN_INT_CONVERSION = YES;
				CLANG_WARN_NON_LITERAL_NULL_CONVERSION = YES;
				CLANG_WARN_OBJC_IMPLICIT_RETAIN_SELF = YES;
				CLANG_WARN_OBJC_LITERAL_CONVERSION = YES;
				CLANG_WARN_OBJC_ROOT_CLASS = YES_ERROR;
				CLANG_WARN_QUOTED_INCLUDE_IN_FRAMEWORK_HEADER = YES;
				CLANG_WARN_RANGE_LOOP_ANALYSIS = YES;
				CLANG_WARN_STRICT_PROTOTYPES = YES;
				CLANG_WARN_SUSPICIOUS_MOVE = YES;
				CLANG_WARN_UNGUARDED_AVAILABILITY = YES_AGGRESSIVE;
				CLANG_WARN_UNREACHABLE_CODE = YES;
				CLANG_WARN__DUPLICATE_METHOD_MATCH = YES;
				COPY_PHASE_STRIP = NO;
				DEBUG_INFORMATION_FORMAT = "dwarf-with-dsym";
				ENABLE_NS_ASSERTIONS = NO;
				ENABLE_STRICT_OBJC_MSGSEND = YES;
				GCC_C_LANGUAGE_STANDARD = gnu11;
				GCC_NO_COMMON_BLOCKS = YES;
				GCC_WARN_64_TO_32_BIT_CONVERSION = YES;
				GCC_WARN_ABOUT_RETURN_TYPE = YES_ERROR;
				GCC_WARN_UNDECLARED_SELECTOR = YES;
				GCC_WARN_UNINITIALIZED_AUTOS = YES_AGGRESSIVE;
				GCC_WARN_UNUSED_FUNCTION = YES;
				GCC_WARN_UNUSED_VARIABLE = YES;
				IPHONEOS_DEPLOYMENT_TARGET = 18.0;
				MTL_ENABLE_DEBUG_INFO = NO;
				MTL_FAST_MATH = YES;
				SDKROOT = iphoneos;
				SWIFT_COMPILATION_MODE = wholemodule;
				SWIFT_OPTIMIZATION_LEVEL = "-O";
				VALIDATE_PRODUCT = YES;
			};
			name = Release;
		};
		7A0000022A2A2A2A2A2A2A02 /* Debug */ = {
			isa = XCBuildConfiguration;
			buildSettings = {
				ASSETCATALOG_COMPILER_APPICON_NAME = AppIcon;
				ASSETCATALOG_COMPILER_GLOBAL_ACCENT_COLOR_NAME = AccentColor;
				CODE_SIGN_STYLE = Automatic;
				CURRENT_PROJECT_VERSION = 1;
				DEVELOPMENT_ASSET_PATHS = "";
				ENABLE_PREVIEWS = YES;
				GENERATE_INFOPLIST_FILE = YES;
				INFOPLIST_FILE = nuts2pin/Info.plist;
				INFOPLIST_KEY_UIApplicationSupportsIndirectInputEvents = YES;
				INFOPLIST_KEY_UILaunchScreen_Generation = YES;
				LD_RUNPATH_SEARCH_PATHS = (
					"$(inherited)",
					"@executable_path/Frameworks",
				);
				MARKETING_VERSION = 1.0;
				PRODUCT_BUNDLE_IDENTIFIER = "com.nuts2pin.app";
				PRODUCT_NAME = "$(TARGET_NAME)";
				SWIFT_EMIT_LOC_STRINGS = YES;
				SWIFT_VERSION = 5.0;
				TARGETED_DEVICE_FAMILY = "1,2";
			};
			name = Debug;
		};
		7A0000032A2A2A2A2A2A2A03 /* Release */ = {
			isa = XCBuildConfiguration;
			buildSettings = {
				ASSETCATALOG_COMPILER_APPICON_NAME = AppIcon;
				ASSETCATALOG_COMPILER_GLOBAL_ACCENT_COLOR_NAME = AccentColor;
				CODE_SIGN_STYLE = Automatic;
				CURRENT_PROJECT_VERSION = 1;
				DEVELOPMENT_ASSET_PATHS = "";
				ENABLE_PREVIEWS = YES;
				GENERATE_INFOPLIST_FILE = YES;
				INFOPLIST_FILE = nuts2pin/Info.plist;
				INFOPLIST_KEY_UIApplicationSupportsIndirectInputEvents = YES;
				INFOPLIST_KEY_UILaunchScreen_Generation = YES;
				LD_RUNPATH_SEARCH_PATHS = (
					"$(inherited)",
					"@executable_path/Frameworks",
				);
				MARKETING_VERSION = 1.0;
				PRODUCT_BUNDLE_IDENTIFIER = "com.nuts2pin.app";
				PRODUCT_NAME = "$(TARGET_NAME)";
				SWIFT_EMIT_LOC_STRINGS = YES;
				SWIFT_VERSION = 5.0;
				TARGETED_DEVICE_FAMILY = "1,2";
			};
			name = Release;
		};
		/* End XCBuildConfiguration section */

		/* Begin XCConfigurationList section */
		5A0000012A2A2A2A2A2A2A01 /* Build configuration list for PBXNativeTarget "nuts2pin" */ = {
			isa = XCConfigurationList;
			buildConfigurations = (
				7A0000022A2A2A2A2A2A2A02 /* Debug */,
				7A0000032A2A2A2A2A2A2A03 /* Release */,
			);
			defaultConfigurationIsVisible = 0;
			defaultConfigurationName = Release;
		};
		6A0000012A2A2A2A2A2A2A01 /* Build configuration list for PBXProject "nuts2pin" */ = {
			isa = XCConfigurationList;
			buildConfigurations = (
				7A0000002A2A2A2A2A2A2A00 /* Debug */,
				7A0000012A2A2A2A2A2A2A01 /* Release */,
			);
			defaultConfigurationIsVisible = 0;
			defaultConfigurationName = Release;
		};
		/* End XCConfigurationList section */
	};
	rootObject = 6A0000002A2A2A2A2A2A2A00 /* Project object */;
} 
} 